version: 6
environments:
  default:
    channels:
    - url: https://conda.anaconda.org/conda-forge/
    packages:
      osx-arm64:
      - conda: https://conda.anaconda.org/conda-forge/noarch/absl-py-2.3.1-pyhd8ed1ab_0.conda
      - conda: https://conda.anaconda.org/conda-forge/noarch/asttokens-3.0.0-pyhd8ed1ab_1.conda
      - conda: https://conda.anaconda.org/conda-forge/osx-arm64/bzip2-1.0.8-hd037594_8.conda
      - conda: https://conda.anaconda.org/conda-forge/osx-arm64/c-ares-1.34.5-h5505292_0.conda
      - conda: https://conda.anaconda.org/conda-forge/noarch/ca-certificates-2025.10.5-hbd8a1cb_0.conda
      - conda: https://conda.anaconda.org/conda-forge/noarch/chex-0.1.91-pyhd8ed1ab_0.conda
      - conda: https://conda.anaconda.org/conda-forge/noarch/decorator-5.2.1-pyhd8ed1ab_0.conda
      - conda: https://conda.anaconda.org/conda-forge/noarch/etils-1.12.2-pyhd8ed1ab_0.conda
      - conda: https://conda.anaconda.org/conda-forge/noarch/exceptiongroup-1.3.0-pyhd8ed1ab_0.conda
      - conda: https://conda.anaconda.org/conda-forge/noarch/executing-2.2.1-pyhd8ed1ab_0.conda
      - conda: https://conda.anaconda.org/conda-forge/osx-arm64/gemmi-0.7.1-py313h0099b0c_1.conda
      - conda: https://conda.anaconda.org/conda-forge/osx-arm64/icu-75.1-hfee45f7_0.conda
      - conda: https://conda.anaconda.org/conda-forge/noarch/importlib-metadata-8.7.0-pyhe01879c_1.conda
      - conda: https://conda.anaconda.org/conda-forge/noarch/ipython-9.6.0-pyhfa0c392_0.conda
      - conda: https://conda.anaconda.org/conda-forge/noarch/ipython_pygments_lexers-1.1.1-pyhd8ed1ab_0.conda
      - conda: https://conda.anaconda.org/conda-forge/noarch/jax-0.7.2-pyhd8ed1ab_0.conda
      - conda: https://conda.anaconda.org/conda-forge/osx-arm64/jaxlib-0.7.2-cpu_py313hadd4db1_0.conda
      - conda: https://conda.anaconda.org/conda-forge/noarch/jedi-0.19.2-pyhd8ed1ab_1.conda
      - conda: https://conda.anaconda.org/conda-forge/osx-arm64/libabseil-20250512.1-cxx17_hd41c47c_0.conda
      - conda: https://conda.anaconda.org/conda-forge/osx-arm64/libblas-3.9.0-37_h51639a9_openblas.conda
      - conda: https://conda.anaconda.org/conda-forge/osx-arm64/libcblas-3.9.0-37_hb0561ab_openblas.conda
      - conda: https://conda.anaconda.org/conda-forge/osx-arm64/libcxx-21.1.3-hf598326_0.conda
      - conda: https://conda.anaconda.org/conda-forge/osx-arm64/libexpat-2.7.1-hec049ff_0.conda
      - conda: https://conda.anaconda.org/conda-forge/osx-arm64/libffi-3.4.6-h1da3d7d_1.conda
      - conda: https://conda.anaconda.org/conda-forge/osx-arm64/libgfortran-15.2.0-hfcf01ff_1.conda
      - conda: https://conda.anaconda.org/conda-forge/osx-arm64/libgfortran5-15.2.0-h742603c_1.conda
      - conda: https://conda.anaconda.org/conda-forge/osx-arm64/libgrpc-1.73.1-hcdac78c_0.conda
      - conda: https://conda.anaconda.org/conda-forge/osx-arm64/liblapack-3.9.0-37_hd9741b5_openblas.conda
      - conda: https://conda.anaconda.org/conda-forge/osx-arm64/liblzma-5.8.1-h39f12f2_2.conda
      - conda: https://conda.anaconda.org/conda-forge/osx-arm64/libmpdec-4.0.0-h5505292_0.conda
      - conda: https://conda.anaconda.org/conda-forge/osx-arm64/libopenblas-0.3.30-openmp_h60d53f8_2.conda
      - conda: https://conda.anaconda.org/conda-forge/osx-arm64/libprotobuf-6.31.1-h702a38d_1.conda
      - conda: https://conda.anaconda.org/conda-forge/osx-arm64/libre2-11-2025.08.12-h91c62da_1.conda
      - conda: https://conda.anaconda.org/conda-forge/osx-arm64/libsqlite-3.50.4-h4237e3c_0.conda
      - conda: https://conda.anaconda.org/conda-forge/osx-arm64/libzlib-1.3.1-h8359307_2.conda
      - conda: https://conda.anaconda.org/conda-forge/osx-arm64/llvm-openmp-21.1.3-h4a912ad_0.conda
      - conda: https://conda.anaconda.org/conda-forge/noarch/matplotlib-inline-0.1.7-pyhd8ed1ab_1.conda
      - conda: https://conda.anaconda.org/conda-forge/osx-arm64/ml_dtypes-0.5.1-py313hd1f53c0_1.conda
      - conda: https://conda.anaconda.org/conda-forge/osx-arm64/msgpack-python-1.1.2-py313ha61f8ec_0.conda
      - conda: https://conda.anaconda.org/conda-forge/osx-arm64/ncurses-6.5-h5e97a16_3.conda
      - conda: https://conda.anaconda.org/conda-forge/osx-arm64/numpy-2.3.3-py313h9771d21_0.conda
      - conda: https://conda.anaconda.org/conda-forge/osx-arm64/openssl-3.5.4-h5503f6c_0.conda
      - conda: https://conda.anaconda.org/conda-forge/noarch/opt_einsum-3.4.0-pyhd8ed1ab_1.conda
      - conda: https://conda.anaconda.org/conda-forge/noarch/optax-0.2.6-pyhd8ed1ab_0.conda
      - conda: https://conda.anaconda.org/conda-forge/osx-arm64/pandas-2.2.3-py313h668b085_3.conda
      - conda: https://conda.anaconda.org/conda-forge/noarch/parso-0.8.5-pyhcf101f3_0.conda
      - conda: https://conda.anaconda.org/conda-forge/noarch/pexpect-4.9.0-pyhd8ed1ab_1.conda
      - conda: https://conda.anaconda.org/conda-forge/noarch/pickleshare-0.7.5-pyhd8ed1ab_1004.conda
      - conda: https://conda.anaconda.org/conda-forge/noarch/prompt-toolkit-3.0.52-pyha770c72_0.conda
      - conda: https://conda.anaconda.org/conda-forge/noarch/ptyprocess-0.7.0-pyhd8ed1ab_1.conda
      - conda: https://conda.anaconda.org/conda-forge/noarch/pure_eval-0.2.3-pyhd8ed1ab_1.conda
      - conda: https://conda.anaconda.org/conda-forge/noarch/pygments-2.19.2-pyhd8ed1ab_0.conda
      - conda: https://conda.anaconda.org/conda-forge/osx-arm64/python-3.13.8-h09175d0_101_cp313.conda
      - conda: https://conda.anaconda.org/conda-forge/noarch/python-dateutil-2.9.0.post0-pyhe01879c_2.conda
      - conda: https://conda.anaconda.org/conda-forge/noarch/python-tzdata-2025.2-pyhd8ed1ab_0.conda
      - conda: https://conda.anaconda.org/conda-forge/noarch/python_abi-3.13-8_cp313.conda
      - conda: https://conda.anaconda.org/conda-forge/noarch/pytz-2025.2-pyhd8ed1ab_0.conda
      - conda: https://conda.anaconda.org/conda-forge/osx-arm64/re2-2025.08.12-h64b956e_1.conda
      - conda: https://conda.anaconda.org/conda-forge/osx-arm64/readline-8.2-h1d1bf99_2.conda
      - conda: https://conda.anaconda.org/conda-forge/noarch/reciprocalspaceship-1.0.5-pyhd8ed1ab_0.conda
      - conda: https://conda.anaconda.org/conda-forge/osx-arm64/scipy-1.16.2-py313h0d10b07_0.conda
      - conda: https://conda.anaconda.org/conda-forge/noarch/setuptools-80.9.0-pyhff2d567_0.conda
      - conda: https://conda.anaconda.org/conda-forge/noarch/six-1.17.0-pyhe01879c_1.conda
      - conda: https://conda.anaconda.org/conda-forge/noarch/stack_data-0.6.3-pyhd8ed1ab_1.conda
      - conda: https://conda.anaconda.org/conda-forge/osx-arm64/tk-8.6.13-h892fb3f_2.conda
      - conda: https://conda.anaconda.org/conda-forge/noarch/toolz-1.0.0-pyhd8ed1ab_1.conda
      - conda: https://conda.anaconda.org/conda-forge/noarch/traitlets-5.14.3-pyhd8ed1ab_1.conda
      - conda: https://conda.anaconda.org/conda-forge/noarch/typing-extensions-4.15.0-h396c80c_0.conda
      - conda: https://conda.anaconda.org/conda-forge/noarch/typing_extensions-4.15.0-pyhcf101f3_0.conda
      - conda: https://conda.anaconda.org/conda-forge/noarch/tzdata-2025b-h78e105d_0.conda
      - conda: https://conda.anaconda.org/conda-forge/noarch/wcwidth-0.2.14-pyhd8ed1ab_0.conda
      - conda: https://conda.anaconda.org/conda-forge/noarch/zipp-3.23.0-pyhd8ed1ab_0.conda
      - conda: https://conda.anaconda.org/conda-forge/osx-arm64/zlib-ng-2.2.5-hf787086_0.conda
packages:
- conda: https://conda.anaconda.org/conda-forge/noarch/absl-py-2.3.1-pyhd8ed1ab_0.conda
  sha256: ec7a804be25350c310be7e0fffdbf4006fd22a650bf316513bdd71cb922944bf
  md5: 7d4f1ddc43d323c916b2c744835eb093
  depends:
  - python >=3.9
  license: Apache-2.0
  license_family: Apache
  size: 109408
  timestamp: 1751547635237
- conda: https://conda.anaconda.org/conda-forge/noarch/asttokens-3.0.0-pyhd8ed1ab_1.conda
  sha256: 93b14414b3b3ed91e286e1cbe4e7a60c4e1b1c730b0814d1e452a8ac4b9af593
  md5: 8f587de4bcf981e26228f268df374a9b
  depends:
  - python >=3.9
  constrains:
  - astroid >=2,<4
  license: Apache-2.0
  license_family: Apache
  size: 28206
  timestamp: 1733250564754
- conda: https://conda.anaconda.org/conda-forge/osx-arm64/bzip2-1.0.8-hd037594_8.conda
  sha256: b456200636bd5fecb2bec63f7e0985ad2097cf1b83d60ce0b6968dffa6d02aa1
  md5: 58fd217444c2a5701a44244faf518206
  depends:
  - __osx >=11.0
  license: bzip2-1.0.6
  license_family: BSD
  size: 125061
  timestamp: 1757437486465
- conda: https://conda.anaconda.org/conda-forge/osx-arm64/c-ares-1.34.5-h5505292_0.conda
  sha256: b4bb55d0806e41ffef94d0e3f3c97531f322b3cb0ca1f7cdf8e47f62538b7a2b
  md5: f8cd1beb98240c7edb1a95883360ccfa
  depends:
  - __osx >=11.0
  license: MIT
  license_family: MIT
  size: 179696
  timestamp: 1744128058734
- conda: https://conda.anaconda.org/conda-forge/noarch/ca-certificates-2025.10.5-hbd8a1cb_0.conda
  sha256: 3b5ad78b8bb61b6cdc0978a6a99f8dfb2cc789a451378d054698441005ecbdb6
  md5: f9e5fbc24009179e8b0409624691758a
  depends:
  - __unix
  license: ISC
  size: 155907
  timestamp: 1759649036195
- conda: https://conda.anaconda.org/conda-forge/noarch/chex-0.1.91-pyhd8ed1ab_0.conda
  sha256: 139d7b38a543ba6c7b8aebaa64e9bfc05dd4f8f56977c3ee740892f76fd49546
  md5: 207c50a7c4059d9235329e59085f06a0
  depends:
  - absl-py >=2.3.1
  - jax >=0.7.0
  - jaxlib >=0.7.0
  - numpy >=1.24.1
  - python >=3.11
  - toolz >=1.0.0
  - typing-extensions >=4.2.0
  - typing_extensions >=4.15.0
  license: Apache-2.0
  license_family: APACHE
  size: 80820
  timestamp: 1756790803659
- conda: https://conda.anaconda.org/conda-forge/noarch/decorator-5.2.1-pyhd8ed1ab_0.conda
  sha256: c17c6b9937c08ad63cb20a26f403a3234088e57d4455600974a0ce865cb14017
  md5: 9ce473d1d1be1cc3810856a48b3fab32
  depends:
  - python >=3.9
  license: BSD-2-Clause
  license_family: BSD
  size: 14129
  timestamp: 1740385067843
- conda: https://conda.anaconda.org/conda-forge/noarch/etils-1.12.2-pyhd8ed1ab_0.conda
  sha256: 805ee8cc651a4bf056c39f8b1fdf64b393455bc10b2fd8cc3a99b0f7e7475f77
  md5: 05ecb9e7a6f7bc5319aa61866545a746
  depends:
  - python >=3.10
  license: Apache-2.0
  license_family: APACHE
  size: 787805
  timestamp: 1741838050970
- conda: https://conda.anaconda.org/conda-forge/noarch/exceptiongroup-1.3.0-pyhd8ed1ab_0.conda
  sha256: ce61f4f99401a4bd455b89909153b40b9c823276aefcbb06f2044618696009ca
  md5: 72e42d28960d875c7654614f8b50939a
  depends:
  - python >=3.9
  - typing_extensions >=4.6.0
  license: MIT and PSF-2.0
  size: 21284
  timestamp: 1746947398083
- conda: https://conda.anaconda.org/conda-forge/noarch/executing-2.2.1-pyhd8ed1ab_0.conda
  sha256: 210c8165a58fdbf16e626aac93cc4c14dbd551a01d1516be5ecad795d2422cad
  md5: ff9efb7f7469aed3c4a8106ffa29593c
  depends:
  - python >=3.10
  license: MIT
  license_family: MIT
  size: 30753
  timestamp: 1756729456476
- conda: https://conda.anaconda.org/conda-forge/osx-arm64/gemmi-0.7.1-py313h0099b0c_1.conda
  sha256: 3580697fcfbc2aa7020d90c85d2f4408387249b05f32c98eed1a0cdff63730c9
  md5: 4ba4cce3af8c05745adcab23d566567a
  depends:
  - __osx >=11.0
  - libcxx >=18
  - python >=3.13,<3.14.0a0
  - python >=3.13,<3.14.0a0 *_cp313
  - python_abi 3.13.* *_cp313
  - zlib-ng >=2.2.4,<2.3.0a0
  license: MPL-2.0
  license_family: OTHER
  size: 3008425
  timestamp: 1743064005334
- conda: https://conda.anaconda.org/conda-forge/osx-arm64/icu-75.1-hfee45f7_0.conda
  sha256: 9ba12c93406f3df5ab0a43db8a4b4ef67a5871dfd401010fbe29b218b2cbe620
  md5: 5eb22c1d7b3fc4abb50d92d621583137
  depends:
  - __osx >=11.0
  license: MIT
  license_family: MIT
  size: 11857802
  timestamp: 1720853997952
- conda: https://conda.anaconda.org/conda-forge/noarch/importlib-metadata-8.7.0-pyhe01879c_1.conda
  sha256: c18ab120a0613ada4391b15981d86ff777b5690ca461ea7e9e49531e8f374745
  md5: 63ccfdc3a3ce25b027b8767eb722fca8
  depends:
  - python >=3.9
  - zipp >=3.20
  - python
  license: Apache-2.0
  license_family: APACHE
  size: 34641
  timestamp: 1747934053147
- conda: https://conda.anaconda.org/conda-forge/noarch/ipython-9.6.0-pyhfa0c392_0.conda
  sha256: 5b679431867704b46c0f412de1a4963bf2c9b65e55a325a22c4624f88b939453
  md5: ad6641ef96dd7872acbb802fa3fcb8d1
  depends:
  - __unix
  - pexpect >4.3
  - decorator
  - exceptiongroup
  - ipython_pygments_lexers
  - jedi >=0.16
  - matplotlib-inline
  - pickleshare
  - prompt-toolkit >=3.0.41,<3.1.0
  - pygments >=2.4.0
  - python >=3.11
  - stack_data
  - traitlets >=5.13.0
  - typing_extensions >=4.6
  - python
  license: BSD-3-Clause
  license_family: BSD
  size: 638573
  timestamp: 1759151815538
- conda: https://conda.anaconda.org/conda-forge/noarch/ipython_pygments_lexers-1.1.1-pyhd8ed1ab_0.conda
  sha256: 894682a42a7d659ae12878dbcb274516a7031bbea9104e92f8e88c1f2765a104
  md5: bd80ba060603cc228d9d81c257093119
  depends:
  - pygments
  - python >=3.9
  license: BSD-3-Clause
  license_family: BSD
  size: 13993
  timestamp: 1737123723464
- conda: https://conda.anaconda.org/conda-forge/noarch/jax-0.7.2-pyhd8ed1ab_0.conda
  sha256: 571201d635839aaea8f0ce6896be44356c7db43b94c9d726dbaf94a6281c7195
  md5: 6aef584e5a851fd06737a29ec60cac39
  depends:
  - importlib-metadata >=4.6
  - jaxlib >=0.7.2,<=0.7.2
  - ml_dtypes >=0.5.0
  - numpy >=2.0
  - opt_einsum
  - python >=3.11
  - scipy >=1.13
  constrains:
  - cudnn >=9.8,<10.0
  license: Apache-2.0
  license_family: APACHE
  size: 1868236
  timestamp: 1759757701442
- conda: https://conda.anaconda.org/conda-forge/osx-arm64/jaxlib-0.7.2-cpu_py313hadd4db1_0.conda
  sha256: cf71f0bb5fb58dcf9885e3b616f0e1fb3556a184c1ed15d82a1787c433741c3e
  md5: 8adf1d702f87d7a145503b0bd95ceb00
  depends:
  - python
  - scipy >=1.9
  - ml_dtypes >=0.2.0
  - python 3.13.* *_cp313
  - __osx >=11.0
  - libcxx >=20
  - openssl >=3.5.4,<4.0a0
  - libgrpc >=1.73.1,<1.74.0a0
  - numpy >=1.23,<3
  - libabseil >=20250512.1,<20250513.0a0
  - libabseil * cxx17*
  - python_abi 3.13.* *_cp313
  - libzlib >=1.3.1,<2.0a0
  constrains:
  - jax >=0.7.2
  license: Apache-2.0
  license_family: APACHE
  size: 59623925
  timestamp: 1759525046304
- conda: https://conda.anaconda.org/conda-forge/noarch/jedi-0.19.2-pyhd8ed1ab_1.conda
  sha256: 92c4d217e2dc68983f724aa983cca5464dcb929c566627b26a2511159667dba8
  md5: a4f4c5dc9b80bc50e0d3dc4e6e8f1bd9
  depends:
  - parso >=0.8.3,<0.9.0
  - python >=3.9
  license: Apache-2.0 AND MIT
  size: 843646
  timestamp: 1733300981994
- conda: https://conda.anaconda.org/conda-forge/osx-arm64/libabseil-20250512.1-cxx17_hd41c47c_0.conda
  sha256: 7f0ee9ae7fa2cf7ac92b0acf8047c8bac965389e48be61bf1d463e057af2ea6a
  md5: 360dbb413ee2c170a0a684a33c4fc6b8
  depends:
  - __osx >=11.0
  - libcxx >=18
  constrains:
  - libabseil-static =20250512.1=cxx17*
  - abseil-cpp =20250512.1
  license: Apache-2.0
  license_family: Apache
  size: 1174081
  timestamp: 1750194620012
- conda: https://conda.anaconda.org/conda-forge/osx-arm64/libblas-3.9.0-37_h51639a9_openblas.conda
  build_number: 37
  sha256: 544f935351201a4bea7e1dae0b240ce619febf56655724c64481ec694293bc64
  md5: 675aec03581d97a77f7bb47e99fed4b4
  depends:
  - libopenblas >=0.3.30,<0.3.31.0a0
  - libopenblas >=0.3.30,<1.0a0
  constrains:
  - liblapacke 3.9.0   37*_openblas
  - blas 2.137   openblas
  - mkl <2025
  - liblapack  3.9.0   37*_openblas
  - libcblas   3.9.0   37*_openblas
  license: BSD-3-Clause
  license_family: BSD
  size: 17647
  timestamp: 1760213578751
- conda: https://conda.anaconda.org/conda-forge/osx-arm64/libcblas-3.9.0-37_hb0561ab_openblas.conda
  build_number: 37
  sha256: 911a01cac0c76d52628fdfe2aecfa010b4145af630ec23fe3fefa7a4c8050a57
  md5: 33ab91e02a34879065d03bb010eb6bf1
  depends:
  - libblas 3.9.0 37_h51639a9_openblas
  constrains:
  - liblapacke 3.9.0   37*_openblas
  - blas 2.137   openblas
  - liblapack  3.9.0   37*_openblas
  license: BSD-3-Clause
  license_family: BSD
  size: 17639
  timestamp: 1760213591611
- conda: https://conda.anaconda.org/conda-forge/osx-arm64/libcxx-21.1.3-hf598326_0.conda
  sha256: b9bad452e3e1d0cc597d907681461341209cb7576178d5c1933026a650b381d1
  md5: e976227574dfcd0048324576adf8d60d
  depends:
  - __osx >=11.0
  license: Apache-2.0 WITH LLVM-exception
  license_family: Apache
  size: 568715
  timestamp: 1760166479630
- conda: https://conda.anaconda.org/conda-forge/osx-arm64/libexpat-2.7.1-hec049ff_0.conda
  sha256: 8fbb17a56f51e7113ed511c5787e0dec0d4b10ef9df921c4fd1cccca0458f648
  md5: b1ca5f21335782f71a8bd69bdc093f67
  depends:
  - __osx >=11.0
  constrains:
  - expat 2.7.1.*
  license: MIT
  license_family: MIT
  size: 65971
  timestamp: 1752719657566
- conda: https://conda.anaconda.org/conda-forge/osx-arm64/libffi-3.4.6-h1da3d7d_1.conda
  sha256: c6a530924a9b14e193ea9adfe92843de2a806d1b7dbfd341546ece9653129e60
  md5: c215a60c2935b517dcda8cad4705734d
  depends:
  - __osx >=11.0
  license: MIT
  license_family: MIT
  size: 39839
  timestamp: 1743434670405
- conda: https://conda.anaconda.org/conda-forge/osx-arm64/libgfortran-15.2.0-hfcf01ff_1.conda
  sha256: e9a5d1208b9dc0b576b35a484d527d9b746c4e65620e0d77c44636033b2245f0
  md5: f699348e3f4f924728e33551b1920f79
  depends:
  - libgfortran5 15.2.0 h742603c_1
  license: GPL-3.0-only WITH GCC-exception-3.1
  license_family: GPL
  size: 134016
  timestamp: 1759712902814
- conda: https://conda.anaconda.org/conda-forge/osx-arm64/libgfortran5-15.2.0-h742603c_1.conda
  sha256: 18808697013a625ca876eeee3d86ee5b656f17c391eca4a4bc70867717cc5246
  md5: afccf412b03ce2f309f875ff88419173
  depends:
  - llvm-openmp >=8.0.0
  constrains:
  - libgfortran 15.2.0
  license: GPL-3.0-only WITH GCC-exception-3.1
  license_family: GPL
  size: 764028
  timestamp: 1759712189275
- conda: https://conda.anaconda.org/conda-forge/osx-arm64/libgrpc-1.73.1-hcdac78c_0.conda
  sha256: d12b3b89a2c2f9b5e90be87495e8c97ee56bb47aa7061e13747b41b10759ad8f
  md5: 32fbcf10c4d9982e1cfec578a333def1
  depends:
  - __osx >=11.0
  - c-ares >=1.34.5,<2.0a0
  - libabseil * cxx17*
  - libabseil >=20250512.1,<20250513.0a0
  - libcxx >=18
  - libprotobuf >=6.31.1,<6.31.2.0a0
  - libre2-11 >=2024.7.2
  - libzlib >=1.3.1,<2.0a0
  - openssl >=3.5.1,<4.0a0
  - re2
  constrains:
  - grpc-cpp =1.73.1
  license: Apache-2.0
  license_family: APACHE
  size: 4618885
  timestamp: 1751705260982
- conda: https://conda.anaconda.org/conda-forge/osx-arm64/liblapack-3.9.0-37_hd9741b5_openblas.conda
  build_number: 37
  sha256: 61a3f8928431f74c359669ea68b5abedbbd46efb06f15de1e5c7e5d40f545263
  md5: 53335fc42466f597d0bc6d66a9ed4468
  depends:
  - libblas 3.9.0 37_h51639a9_openblas
  constrains:
  - liblapacke 3.9.0   37*_openblas
  - blas 2.137   openblas
  - libcblas   3.9.0   37*_openblas
  license: BSD-3-Clause
  license_family: BSD
  size: 17633
  timestamp: 1760213604248
- conda: https://conda.anaconda.org/conda-forge/osx-arm64/liblzma-5.8.1-h39f12f2_2.conda
  sha256: 0cb92a9e026e7bd4842f410a5c5c665c89b2eb97794ffddba519a626b8ce7285
  md5: d6df911d4564d77c4374b02552cb17d1
  depends:
  - __osx >=11.0
  constrains:
  - xz 5.8.1.*
  license: 0BSD
  size: 92286
  timestamp: 1749230283517
- conda: https://conda.anaconda.org/conda-forge/osx-arm64/libmpdec-4.0.0-h5505292_0.conda
  sha256: 0a1875fc1642324ebd6c4ac864604f3f18f57fbcf558a8264f6ced028a3c75b2
  md5: 85ccccb47823dd9f7a99d2c7f530342f
  depends:
  - __osx >=11.0
  license: BSD-2-Clause
  license_family: BSD
  size: 71829
  timestamp: 1748393749336
- conda: https://conda.anaconda.org/conda-forge/osx-arm64/libopenblas-0.3.30-openmp_h60d53f8_2.conda
  sha256: 7b8551a4d21cf0b19f9a162f1f283a201b17f1bd5a6579abbd0d004788c511fa
  md5: d004259fd8d3d2798b16299d6ad6c9e9
  depends:
  - __osx >=11.0
  - libgfortran
  - libgfortran5 >=14.3.0
  - llvm-openmp >=19.1.7
  constrains:
  - openblas >=0.3.30,<0.3.31.0a0
  license: BSD-3-Clause
  license_family: BSD
  size: 4284696
  timestamp: 1755471861128
- conda: https://conda.anaconda.org/conda-forge/osx-arm64/libprotobuf-6.31.1-h702a38d_1.conda
  sha256: 4f1cb41130b7772071a1b10654a825168515fd83d229c1752b90a3fd9d9f0c6b
  md5: 16c4f075e63a1f497aa392f843d81f96
  depends:
  - __osx >=11.0
  - libabseil * cxx17*
  - libabseil >=20250512.1,<20250513.0a0
  - libcxx >=18
  - libzlib >=1.3.1,<2.0a0
  license: BSD-3-Clause
  license_family: BSD
  size: 3044706
  timestamp: 1751689138445
- conda: https://conda.anaconda.org/conda-forge/osx-arm64/libre2-11-2025.08.12-h91c62da_1.conda
  sha256: 3bc8cdf3ff4da340a33b7515e72976caaa5881a28a92e1e718c9228b4475e780
  md5: f5250c27eaa17ad72bf22e0676855d9c
  depends:
  - __osx >=11.0
  - libabseil * cxx17*
  - libabseil >=20250512.1,<20250513.0a0
  - libcxx >=19
  constrains:
  - re2 2025.08.12.*
  license: BSD-3-Clause
  license_family: BSD
  size: 165680
  timestamp: 1757447844299
- conda: https://conda.anaconda.org/conda-forge/osx-arm64/libsqlite-3.50.4-h4237e3c_0.conda
  sha256: 802ebe62e6bc59fc26b26276b793e0542cfff2d03c086440aeaf72fb8bbcec44
  md5: 1dcb0468f5146e38fae99aef9656034b
  depends:
  - __osx >=11.0
  - icu >=75.1,<76.0a0
  - libzlib >=1.3.1,<2.0a0
  license: blessing
  size: 902645
  timestamp: 1753948599139
- conda: https://conda.anaconda.org/conda-forge/osx-arm64/libzlib-1.3.1-h8359307_2.conda
  sha256: ce34669eadaba351cd54910743e6a2261b67009624dbc7daeeafdef93616711b
  md5: 369964e85dc26bfe78f41399b366c435
  depends:
  - __osx >=11.0
  constrains:
  - zlib 1.3.1 *_2
  license: Zlib
  license_family: Other
  size: 46438
  timestamp: 1727963202283
- conda: https://conda.anaconda.org/conda-forge/osx-arm64/llvm-openmp-21.1.3-h4a912ad_0.conda
  sha256: 9aeabb02db52ce9d055a5786d42440894f6eae9e74bbc0e08befb7926ccca98d
  md5: 487d26872cd21fe3bfcb3d09e8d992cd
  depends:
  - __osx >=11.0
  constrains:
  - openmp 21.1.3|21.1.3.*
  - intel-openmp <0.0a0
  license: Apache-2.0 WITH LLVM-exception
  size: 285307
  timestamp: 1760282536594
- conda: https://conda.anaconda.org/conda-forge/noarch/matplotlib-inline-0.1.7-pyhd8ed1ab_1.conda
  sha256: 69b7dc7131703d3d60da9b0faa6dd8acbf6f6c396224cf6aef3e855b8c0c41c6
  md5: af6ab708897df59bd6e7283ceab1b56b
  depends:
  - python >=3.9
  - traitlets
  license: BSD-3-Clause
  license_family: BSD
  size: 14467
  timestamp: 1733417051523
- conda: https://conda.anaconda.org/conda-forge/osx-arm64/ml_dtypes-0.5.1-py313hd1f53c0_1.conda
  sha256: 89107f593e8966c9ccc57c0a9865b29277baa84b84f4dbd48b8dc2fa14e6773a
  md5: 08f78180360648c9d06e856c1bc2474b
  depends:
  - __osx >=11.0
  - libcxx >=19
  - numpy >=1.23,<3
  - python >=3.13,<3.14.0a0
  - python >=3.13,<3.14.0a0 *_cp313
  - python_abi 3.13.* *_cp313
  license: MPL-2.0 AND Apache-2.0
  size: 205125
  timestamp: 1756742819060
- conda: https://conda.anaconda.org/conda-forge/osx-arm64/msgpack-python-1.1.2-py313ha61f8ec_0.conda
  sha256: 6ede791239008c6f286ca68d9ca1766beb40f88a132749a3f5cc8c198b088fbb
  md5: 3ebf182eb51bd6001fadc627645d588c
  depends:
  - __osx >=11.0
  - libcxx >=19
  - python >=3.13,<3.14.0a0
  - python >=3.13,<3.14.0a0 *_cp313
  - python_abi 3.13.* *_cp313
  license: Apache-2.0
  license_family: Apache
  size: 91718
  timestamp: 1759931116674
- conda: https://conda.anaconda.org/conda-forge/osx-arm64/ncurses-6.5-h5e97a16_3.conda
  sha256: 2827ada40e8d9ca69a153a45f7fd14f32b2ead7045d3bbb5d10964898fe65733
  md5: 068d497125e4bf8a66bf707254fff5ae
  depends:
  - __osx >=11.0
  license: X11 AND BSD-3-Clause
  size: 797030
  timestamp: 1738196177597
- conda: https://conda.anaconda.org/conda-forge/osx-arm64/numpy-2.3.3-py313h9771d21_0.conda
  sha256: 0a8d31fbb49be666f17f746104255e3ccfdb27eac79fe9b8178c8f8bd6a6b2ee
  md5: 54cfeb1b41a3c21da642f9b925545478
  depends:
  - python
  - libcxx >=19
  - python 3.13.* *_cp313
  - __osx >=11.0
  - libcblas >=3.9.0,<4.0a0
  - python_abi 3.13.* *_cp313
  - liblapack >=3.9.0,<4.0a0
  - libblas >=3.9.0,<4.0a0
  constrains:
  - numpy-base <0a0
  license: BSD-3-Clause
  license_family: BSD
  size: 6749676
  timestamp: 1757504939745
- conda: https://conda.anaconda.org/conda-forge/osx-arm64/openssl-3.5.4-h5503f6c_0.conda
  sha256: f0512629f9589392c2fb9733d11e753d0eab8fc7602f96e4d7f3bd95c783eb07
  md5: 71118318f37f717eefe55841adb172fd
  depends:
  - __osx >=11.0
  - ca-certificates
  license: Apache-2.0
  license_family: Apache
  size: 3067808
  timestamp: 1759324763146
- conda: https://conda.anaconda.org/conda-forge/noarch/opt_einsum-3.4.0-pyhd8ed1ab_1.conda
  sha256: af71aabb2bfa4b2c89b7b06403e5cec23b418452cae9f9772bd7ac3f9ea1ff44
  md5: 52919815cd35c4e1a0298af658ccda04
  depends:
  - python >=3.9
  license: MIT
  license_family: MIT
  size: 62479
  timestamp: 1733688053334
- conda: https://conda.anaconda.org/conda-forge/noarch/optax-0.2.6-pyhd8ed1ab_0.conda
  sha256: 87c1f08689b428ceec970c0157365095f1e6928e983064dc0155dd5bdca3017c
  md5: d640545ee88df393d8d0a1fecba08bd2
  depends:
  - absl-py >=0.7.1
  - chex >=0.1.86
  - etils
  - jax >=0.4.27
  - jaxlib >=0.4.27
  - numpy >=1.18.0
  - python >=3.10
  - typing_extensions >=3.10
  license: Apache-2.0
  license_family: APACHE
  size: 225768
  timestamp: 1758003997255
- conda: https://conda.anaconda.org/conda-forge/osx-arm64/pandas-2.2.3-py313h668b085_3.conda
  sha256: f15b39a3e38113e60eaec255c5588a81c637df1affb3c80176d3248f68bda90a
  md5: d632aa5a481e9577865ea5af125f881c
  depends:
  - __osx >=11.0
  - libcxx >=18
  - numpy >=1.21,<3
  - numpy >=1.22.4
  - python >=3.13,<3.14.0a0
  - python >=3.13,<3.14.0a0 *_cp313
  - python-dateutil >=2.8.2
  - python-tzdata >=2022.7
  - python_abi 3.13.* *_cp313
  - pytz >=2020.1
  constrains:
  - beautifulsoup4 >=4.11.2
  - gcsfs >=2022.11.0
  - odfpy >=1.4.1
  - numexpr >=2.8.4
  - pyarrow >=10.0.1
  - python-calamine >=0.1.7
  - numba >=0.56.4
  - xlrd >=2.0.1
  - qtpy >=2.3.0
  - pyxlsb >=1.0.10
  - pyqt5 >=5.15.9
  - s3fs >=2022.11.0
  - scipy >=1.10.0
  - pytables >=3.8.0
  - xarray >=2022.12.0
  - sqlalchemy >=2.0.0
  - html5lib >=1.1
  - pyreadstat >=1.2.0
  - bottleneck >=1.3.6
  - tabulate >=0.9.0
  - blosc >=1.21.3
  - matplotlib >=3.6.3
  - zstandard >=0.19.0
  - fastparquet >=2022.12.0
  - lxml >=4.9.2
  - tzdata >=2022.7
  - psycopg2 >=2.9.6
  - openpyxl >=3.1.0
  - xlsxwriter >=3.0.5
  - pandas-gbq >=0.19.0
  - fsspec >=2022.11.0
  license: BSD-3-Clause
  license_family: BSD
  size: 14408557
  timestamp: 1744431000416
- conda: https://conda.anaconda.org/conda-forge/noarch/parso-0.8.5-pyhcf101f3_0.conda
  sha256: 30de7b4d15fbe53ffe052feccde31223a236dae0495bab54ab2479de30b2990f
  md5: a110716cdb11cf51482ff4000dc253d7
  depends:
  - python >=3.10
  - python
  license: MIT
  license_family: MIT
  size: 81562
  timestamp: 1755974222274
- conda: https://conda.anaconda.org/conda-forge/noarch/pexpect-4.9.0-pyhd8ed1ab_1.conda
  sha256: 202af1de83b585d36445dc1fda94266697341994d1a3328fabde4989e1b3d07a
  md5: d0d408b1f18883a944376da5cf8101ea
  depends:
  - ptyprocess >=0.5
  - python >=3.9
  license: ISC
  size: 53561
  timestamp: 1733302019362
- conda: https://conda.anaconda.org/conda-forge/noarch/pickleshare-0.7.5-pyhd8ed1ab_1004.conda
  sha256: e2ac3d66c367dada209fc6da43e645672364b9fd5f9d28b9f016e24b81af475b
  md5: 11a9d1d09a3615fc07c3faf79bc0b943
  depends:
  - python >=3.9
  license: MIT
  license_family: MIT
  size: 11748
  timestamp: 1733327448200
- conda: https://conda.anaconda.org/conda-forge/noarch/prompt-toolkit-3.0.52-pyha770c72_0.conda
  sha256: 4817651a276016f3838957bfdf963386438c70761e9faec7749d411635979bae
  md5: edb16f14d920fb3faf17f5ce582942d6
  depends:
  - python >=3.10
  - wcwidth
  constrains:
  - prompt_toolkit 3.0.52
  license: BSD-3-Clause
  license_family: BSD
  size: 273927
  timestamp: 1756321848365
- conda: https://conda.anaconda.org/conda-forge/noarch/ptyprocess-0.7.0-pyhd8ed1ab_1.conda
  sha256: a7713dfe30faf17508ec359e0bc7e0983f5d94682492469bd462cdaae9c64d83
  md5: 7d9daffbb8d8e0af0f769dbbcd173a54
  depends:
  - python >=3.9
  license: ISC
  size: 19457
  timestamp: 1733302371990
- conda: https://conda.anaconda.org/conda-forge/noarch/pure_eval-0.2.3-pyhd8ed1ab_1.conda
  sha256: 71bd24600d14bb171a6321d523486f6a06f855e75e547fa0cb2a0953b02047f0
  md5: 3bfdfb8dbcdc4af1ae3f9a8eb3948f04
  depends:
  - python >=3.9
  license: MIT
  license_family: MIT
  size: 16668
  timestamp: 1733569518868
- conda: https://conda.anaconda.org/conda-forge/noarch/pygments-2.19.2-pyhd8ed1ab_0.conda
  sha256: 5577623b9f6685ece2697c6eb7511b4c9ac5fb607c9babc2646c811b428fd46a
  md5: 6b6ece66ebcae2d5f326c77ef2c5a066
  depends:
  - python >=3.9
  license: BSD-2-Clause
  license_family: BSD
  size: 889287
  timestamp: 1750615908735
- conda: https://conda.anaconda.org/conda-forge/osx-arm64/python-3.13.8-h09175d0_101_cp313.conda
  build_number: 101
  sha256: 5ff88415341058814a035375a6d9a0616769e280eebf72cddf8a8a426f572cec
  md5: 71824735260cf57df846eb88aeb4fd99
  depends:
  - __osx >=11.0
  - bzip2 >=1.0.8,<2.0a0
  - libexpat >=2.7.1,<3.0a0
  - libffi >=3.4.6,<3.5.0a0
  - liblzma >=5.8.1,<6.0a0
  - libmpdec >=4.0.0,<5.0a0
  - libsqlite >=3.50.4,<4.0a0
  - libzlib >=1.3.1,<2.0a0
  - ncurses >=6.5,<7.0a0
  - openssl >=3.5.4,<4.0a0
  - python_abi 3.13.* *_cp313
  - readline >=8.2,<9.0a0
  - tk >=8.6.13,<8.7.0a0
  - tzdata
  license: Python-2.0
  size: 12026833
  timestamp: 1760366828517
  python_site_packages_path: lib/python3.13/site-packages
- conda: https://conda.anaconda.org/conda-forge/noarch/python-dateutil-2.9.0.post0-pyhe01879c_2.conda
  sha256: d6a17ece93bbd5139e02d2bd7dbfa80bee1a4261dced63f65f679121686bf664
  md5: 5b8d21249ff20967101ffa321cab24e8
  depends:
  - python >=3.9
  - six >=1.5
  - python
  license: Apache-2.0
  license_family: APACHE
  size: 233310
  timestamp: 1751104122689
- conda: https://conda.anaconda.org/conda-forge/noarch/python-tzdata-2025.2-pyhd8ed1ab_0.conda
  sha256: e8392a8044d56ad017c08fec2b0eb10ae3d1235ac967d0aab8bd7b41c4a5eaf0
  md5: 88476ae6ebd24f39261e0854ac244f33
  depends:
  - python >=3.9
  license: Apache-2.0
  license_family: APACHE
  size: 144160
  timestamp: 1742745254292
- conda: https://conda.anaconda.org/conda-forge/noarch/python_abi-3.13-8_cp313.conda
  build_number: 8
  sha256: 210bffe7b121e651419cb196a2a63687b087497595c9be9d20ebe97dd06060a7
  md5: 94305520c52a4aa3f6c2b1ff6008d9f8
  constrains:
  - python 3.13.* *_cp313
  license: BSD-3-Clause
  license_family: BSD
  size: 7002
  timestamp: 1752805902938
- conda: https://conda.anaconda.org/conda-forge/noarch/pytz-2025.2-pyhd8ed1ab_0.conda
  sha256: 8d2a8bf110cc1fc3df6904091dead158ba3e614d8402a83e51ed3a8aa93cdeb0
  md5: bc8e3267d44011051f2eb14d22fb0960
  depends:
  - python >=3.9
  license: MIT
  license_family: MIT
  size: 189015
  timestamp: 1742920947249
- conda: https://conda.anaconda.org/conda-forge/osx-arm64/re2-2025.08.12-h64b956e_1.conda
  sha256: 762dd52b3ae7325d640625e51c67e2add523b92a2802cc653b1af1135b754421
  md5: 8a3cabaa7498d1c7d0bd3b92693a7edd
  depends:
  - libre2-11 2025.08.12 h91c62da_1
  license: BSD-3-Clause
  license_family: BSD
  size: 27466
  timestamp: 1757447874115
- conda: https://conda.anaconda.org/conda-forge/osx-arm64/readline-8.2-h1d1bf99_2.conda
  sha256: 7db04684d3904f6151eff8673270922d31da1eea7fa73254d01c437f49702e34
  md5: 63ef3f6e6d6d5c589e64f11263dc5676
  depends:
  - ncurses >=6.5,<7.0a0
  license: GPL-3.0-only
  license_family: GPL
  size: 252359
  timestamp: 1740379663071
- conda: https://conda.anaconda.org/conda-forge/noarch/reciprocalspaceship-1.0.5-pyhd8ed1ab_0.conda
  sha256: b71dd7d049804c9c45e042d4c73447e40413cdf6a05ba4f08e8d80e5e7ed1a70
  md5: d863e9782c92125f20d83113aa52d0ee
  depends:
  - gemmi >=0.7.0,<=0.7.1
  - ipython
  - msgpack-python
  - numpy
  - pandas >=2.2.2,<=2.2.3
  - python >=3.9
  - scipy
  - setuptools
  license: MIT
  license_family: MIT
  size: 83995
  timestamp: 1751227459791
- conda: https://conda.anaconda.org/conda-forge/osx-arm64/scipy-1.16.2-py313h0d10b07_0.conda
  sha256: eb9b5d46f1a259508a83dc6c3339e5e877d6b16ca113fc2bf111973b44ddbae8
  md5: 7e15b3f27103f3c637a1977dbcddb5bb
  depends:
  - __osx >=11.0
  - libblas >=3.9.0,<4.0a0
  - libcblas >=3.9.0,<4.0a0
  - libcxx >=19
  - libgfortran
  - libgfortran5 >=14.3.0
  - libgfortran5 >=15.1.0
  - liblapack >=3.9.0,<4.0a0
  - numpy <2.6
  - numpy >=1.23,<3
  - numpy >=1.25.2
  - python >=3.13,<3.14.0a0
  - python >=3.13,<3.14.0a0 *_cp313
  - python_abi 3.13.* *_cp313
  license: BSD-3-Clause
  license_family: BSD
  size: 13927445
  timestamp: 1757683194090
- conda: https://conda.anaconda.org/conda-forge/noarch/setuptools-80.9.0-pyhff2d567_0.conda
  sha256: 972560fcf9657058e3e1f97186cc94389144b46dbdf58c807ce62e83f977e863
  md5: 4de79c071274a53dcaf2a8c749d1499e
  depends:
  - python >=3.9
  license: MIT
  license_family: MIT
  size: 748788
  timestamp: 1748804951958
- conda: https://conda.anaconda.org/conda-forge/noarch/six-1.17.0-pyhe01879c_1.conda
  sha256: 458227f759d5e3fcec5d9b7acce54e10c9e1f4f4b7ec978f3bfd54ce4ee9853d
  md5: 3339e3b65d58accf4ca4fb8748ab16b3
  depends:
  - python >=3.9
  - python
  license: MIT
  license_family: MIT
  size: 18455
  timestamp: 1753199211006
- conda: https://conda.anaconda.org/conda-forge/noarch/stack_data-0.6.3-pyhd8ed1ab_1.conda
  sha256: 570da295d421661af487f1595045760526964f41471021056e993e73089e9c41
  md5: b1b505328da7a6b246787df4b5a49fbc
  depends:
  - asttokens
  - executing
  - pure_eval
  - python >=3.9
  license: MIT
  license_family: MIT
  size: 26988
  timestamp: 1733569565672
- conda: https://conda.anaconda.org/conda-forge/osx-arm64/tk-8.6.13-h892fb3f_2.conda
  sha256: cb86c522576fa95c6db4c878849af0bccfd3264daf0cc40dd18e7f4a7bfced0e
  md5: 7362396c170252e7b7b0c8fb37fe9c78
  depends:
  - __osx >=11.0
  - libzlib >=1.3.1,<2.0a0
  license: TCL
  license_family: BSD
  size: 3125538
  timestamp: 1748388189063
- conda: https://conda.anaconda.org/conda-forge/noarch/toolz-1.0.0-pyhd8ed1ab_1.conda
  sha256: eda38f423c33c2eaeca49ed946a8d3bf466cc3364970e083a65eb2fd85258d87
  md5: 40d0ed782a8aaa16ef248e68c06c168d
  depends:
  - python >=3.9
  license: BSD-3-Clause
  license_family: BSD
  size: 52475
  timestamp: 1733736126261
- conda: https://conda.anaconda.org/conda-forge/noarch/traitlets-5.14.3-pyhd8ed1ab_1.conda
  sha256: f39a5620c6e8e9e98357507262a7869de2ae8cc07da8b7f84e517c9fd6c2b959
  md5: 019a7385be9af33791c989871317e1ed
  depends:
  - python >=3.9
  license: BSD-3-Clause
  license_family: BSD
  size: 110051
  timestamp: 1733367480074
- conda: https://conda.anaconda.org/conda-forge/noarch/typing-extensions-4.15.0-h396c80c_0.conda
  sha256: 7c2df5721c742c2a47b2c8f960e718c930031663ac1174da67c1ed5999f7938c
  md5: edd329d7d3a4ab45dcf905899a7a6115
  depends:
  - typing_extensions ==4.15.0 pyhcf101f3_0
  license: PSF-2.0
  license_family: PSF
  size: 91383
  timestamp: 1756220668932
- conda: https://conda.anaconda.org/conda-forge/noarch/typing_extensions-4.15.0-pyhcf101f3_0.conda
  sha256: 032271135bca55aeb156cee361c81350c6f3fb203f57d024d7e5a1fc9ef18731
  md5: 0caa1af407ecff61170c9437a808404d
  depends:
  - python >=3.10
  - python
  license: PSF-2.0
  license_family: PSF
  size: 51692
  timestamp: 1756220668932
- conda: https://conda.anaconda.org/conda-forge/noarch/tzdata-2025b-h78e105d_0.conda
  sha256: 5aaa366385d716557e365f0a4e9c3fca43ba196872abbbe3d56bb610d131e192
  md5: 4222072737ccff51314b5ece9c7d6f5a
  license: LicenseRef-Public-Domain
  size: 122968
  timestamp: 1742727099393
- conda: https://conda.anaconda.org/conda-forge/noarch/wcwidth-0.2.14-pyhd8ed1ab_0.conda
  sha256: e311b64e46c6739e2a35ab8582c20fa30eb608da130625ed379f4467219d4813
  md5: 7e1e5ff31239f9cd5855714df8a3783d
  depends:
  - python >=3.10
  license: MIT
  license_family: MIT
  size: 33670
  timestamp: 1758622418893
- conda: https://conda.anaconda.org/conda-forge/noarch/zipp-3.23.0-pyhd8ed1ab_0.conda
  sha256: 7560d21e1b021fd40b65bfb72f67945a3fcb83d78ad7ccf37b8b3165ec3b68ad
  md5: df5e78d904988eb55042c0c97446079f
  depends:
  - python >=3.9
  license: MIT
  license_family: MIT
  size: 22963
  timestamp: 1749421737203
- conda: https://conda.anaconda.org/conda-forge/osx-arm64/zlib-ng-2.2.5-hf787086_0.conda
  sha256: 4b4220f03844aaaffa7868023963415e14cddd456f00b8fa78ee4a16fecd1b60
  md5: fb78d469f8e0f1eb5bbbfd249aeed447
  depends:
  - __osx >=11.0
  - libcxx >=19
  license: Zlib
  license_family: Other
  size: 87638
  timestamp: 1754587529491
